
Microsoft Visual Studio Solution File, Format Version 12.00
# Visual Studio Version 16
VisualStudioVersion = 16.0.31402.337
MinimumVisualStudioVersion = 10.0.40219.1
Project("{FAE04EC0-301F-11D3-BF4B-00C04F79EFBC}") = "se_lib", "se_lib\se_lib.csproj", "{7BAD539D-3808-4DAC-8E98-82F519115D77}"
EndProject
Project("{8BC9CEB8-8B4A-11D0-8D11-00A0C91BC942}") = "cboot", "cboot\cboot.vcxproj", "{338214AF-3CCD-4945-8A76-FBC3BF3F5B53}"
EndProject
Project("{FAE04EC0-301F-11D3-BF4B-00C04F79EFBC}") = "se_boot", "se_boot\se_boot.csproj", "{F5948CB7-D842-4D6B-85D3-84EA13E3E6B8}"
EndProject
Global
	GlobalSection(SolutionConfigurationPlatforms) = preSolution
		Debug|Any CPU = Debug|Any CPU
		Debug|x64 = Debug|x64
		Debug|x86 = Debug|x86
		Release|Any CPU = Release|Any CPU
		Release|x64 = Release|x64
		Release|x86 = Release|x86
	EndGlobalSection
	GlobalSection(ProjectConfigurationPlatforms) = postSolution
		{7BAD539D-3808-4DAC-8E98-82F519115D77}.Debug|Any CPU.ActiveCfg = Debug|Any CPU
		{7BAD539D-3808-4DAC-8E98-82F519115D77}.Debug|Any CPU.Build.0 = Debug|Any CPU
		{7BAD539D-3808-4DAC-8E98-82F519115D77}.Debug|x64.ActiveCfg = Debug|Any CPU
		{7BAD539D-3808-4DAC-8E98-82F519115D77}.Debug|x64.Build.0 = Debug|Any CPU
		{7BAD539D-3808-4DAC-8E98-82F519115D77}.Debug|x86.ActiveCfg = Debug|Any CPU
		{7BAD539D-3808-4DAC-8E98-82F519115D77}.Debug|x86.Build.0 = Debug|Any CPU
		{7BAD539D-3808-4DAC-8E98-82F519115D77}.Release|Any CPU.ActiveCfg = Release|Any CPU
		{7BAD539D-3808-4DAC-8E98-82F519115D77}.Release|Any CPU.Build.0 = Release|Any CPU
		{7BAD539D-3808-4DAC-8E98-82F519115D77}.Release|x64.ActiveCfg = Release|Any CPU
		{7BAD539D-3808-4DAC-8E98-82F519115D77}.Release|x64.Build.0 = Release|Any CPU
		{7BAD539D-3808-4DAC-8E98-82F519115D77}.Release|x86.ActiveCfg = Release|Any CPU
		{7BAD539D-3808-4DAC-8E98-82F519115D77}.Release|x86.Build.0 = Release|Any CPU
		{338214AF-3CCD-4945-8A76-FBC3BF3F5B53}.Debug|Any CPU.ActiveCfg = Debug|Win32
		{338214AF-3CCD-4945-8A76-FBC3BF3F5B53}.Debug|x64.ActiveCfg = Debug|x64
		{338214AF-3CCD-4945-8A76-FBC3BF3F5B53}.Debug|x64.Build.0 = Debug|x64
		{338214AF-3CCD-4945-8A76-FBC3BF3F5B53}.Debug|x86.ActiveCfg = Debug|Win32
		{338214AF-3CCD-4945-8A76-FBC3BF3F5B53}.Debug|x86.Build.0 = Debug|Win32
		{338214AF-3CCD-4945-8A76-FBC3BF3F5B53}.Release|Any CPU.ActiveCfg = Release|Win32
		{338214AF-3CCD-4945-8A76-FBC3BF3F5B53}.Release|x64.ActiveCfg = Release|x64
		{338214AF-3CCD-4945-8A76-FBC3BF3F5B53}.Release|x64.Build.0 = Release|x64
		{338214AF-3CCD-4945-8A76-FBC3BF3F5B53}.Release|x86.ActiveCfg = Release|Win32
		{338214AF-3CCD-4945-8A76-FBC3BF3F5B53}.Release|x86.Build.0 = Release|Win32
		{F5948CB7-D842-4D6B-85D3-84EA13E3E6B8}.Debug|Any CPU.ActiveCfg = Debug|Any CPU
		{F5948CB7-D842-4D6B-85D3-84EA13E3E6B8}.Debug|Any CPU.Build.0 = Debug|Any CPU
		{F5948CB7-D842-4D6B-85D3-84EA13E3E6B8}.Debug|x64.ActiveCfg = Debug|Any CPU
		{F5948CB7-D842-4D6B-85D3-84EA13E3E6B8}.Debug|x64.Build.0 = Debug|Any CPU
		{F5948CB7-D842-4D6B-85D3-84EA13E3E6B8}.Debug|x86.ActiveCfg = Debug|Any CPU
		{F5948CB7-D842-4D6B-85D3-84EA13E3E6B8}.Debug|x86.Build.0 = Debug|Any CPU
		{F5948CB7-D842-4D6B-85D3-84EA13E3E6B8}.Release|Any CPU.ActiveCfg = Release|Any CPU
		{F5948CB7-D842-4D6B-85D3-84EA13E3E6B8}.Release|Any CPU.Build.0 = Release|Any CPU
		{F5948CB7-D842-4D6B-85D3-84EA13E3E6B8}.Release|x64.ActiveCfg = Release|Any CPU
		{F5948CB7-D842-4D6B-85D3-84EA13E3E6B8}.Release|x64.Build.0 = Release|Any CPU
		{F5948CB7-D842-4D6B-85D3-84EA13E3E6B8}.Release|x86.ActiveCfg = Release|Any CPU
		{F5948CB7-D842-4D6B-85D3-84EA13E3E6B8}.Release|x86.Build.0 = Release|Any CPU
	EndGlobalSection
	GlobalSection(SolutionProperties) = preSolution
		HideSolutionNode = FALSE
	EndGlobalSection
	GlobalSection(ExtensibilityGlobals) = postSolution
		SolutionGuid = {5B5CB15C-B75C-43DC-A02A-77E975C91968}
	EndGlobalSection
EndGlobal
