
Microsoft Visual Studio Solution File, Format Version 12.00
# Visual Studio Version 16
VisualStudioVersion = 16.0.31402.337
MinimumVisualStudioVersion = 10.0.40219.1
Project("{FAE04EC0-301F-11D3-BF4B-00C04F79EFBC}") = "se_lib", "se_lib\se_lib.csproj", "{7BAD539D-3808-4DAC-8E98-82F519115D77}"
EndProject
Global
	GlobalSection(SolutionConfigurationPlatforms) = preSolution
		Debug|Any CPU = Debug|Any CPU
		Release|Any CPU = Release|Any CPU
	EndGlobalSection
	GlobalSection(ProjectConfigurationPlatforms) = postSolution
		{7BAD539D-3808-4DAC-8E98-82F519115D77}.Debug|Any CPU.ActiveCfg = Debug|Any CPU
		{7BAD539D-3808-4DAC-8E98-82F519115D77}.Debug|Any CPU.Build.0 = Debug|Any CPU
		{7BAD539D-3808-4DAC-8E98-82F519115D77}.Release|Any CPU.ActiveCfg = Release|Any CPU
		{7BAD539D-3808-4DAC-8E98-82F519115D77}.Release|Any CPU.Build.0 = Release|Any CPU
	EndGlobalSection
	GlobalSection(SolutionProperties) = preSolution
		HideSolutionNode = FALSE
	EndGlobalSection
	GlobalSection(ExtensibilityGlobals) = postSolution
		SolutionGuid = {5B5CB15C-B75C-43DC-A02A-77E975C91968}
	EndGlobalSection
EndGlobal
